
Microsoft Visual Studio Solution File, Format Version 12.00
# Visual Studio Version 17
VisualStudioVersion = 17.4.33213.308
MinimumVisualStudioVersion = 10.0.40219.1
Project("{9A19103F-16F7-4668-BE54-9A1E7A4F7556}") = "Data Set practic", "Data Set practoc\Data Set practic.csproj", "{83B56E07-59D6-4A5D-BFEF-56DAC9379290}"
EndProject
Project("{9A19103F-16F7-4668-BE54-9A1E7A4F7556}") = "Data Set", "Data Set\Data Set.csproj", "{5A57AAD8-91D7-4EE5-B06B-0D73DFBC28D6}"
EndProject
Project("{FAE04EC0-301F-11D3-BF4B-00C04F79EFBC}") = "LINQ to SQL", "LINQ to SQL\LINQ to SQL.csproj", "{5B683F73-2A2A-4450-A0AC-757E91289FCD}"
EndProject
Project("{9A19103F-16F7-4668-BE54-9A1E7A4F7556}") = "Data Access", "Data Access\Data Access.csproj", "{3D3B7B00-D3A6-4F24-92EF-DA882D106841}"
EndProject
Project("{9A19103F-16F7-4668-BE54-9A1E7A4F7556}") = "Entity Framework Intro", "Entity Framework Intro\Entity Framework Intro.csproj", "{DFB4466D-DEEB-4A2D-AAB4-24A6A118029F}"
EndProject
Project("{9A19103F-16F7-4668-BE54-9A1E7A4F7556}") = "Data Access - Class Library", "Data Access - Class Library\Data Access - Class Library.csproj", "{C4615A9B-15DF-4815-9570-6F6280B2B33B}"
EndProject
Project("{9A19103F-16F7-4668-BE54-9A1E7A4F7556}") = "Data Access - WPF", "Data Access - WPF\Data Access - WPF.csproj", "{471D3B22-E96A-43DA-B067-3AD6830617C8}"
EndProject
Project("{9A19103F-16F7-4668-BE54-9A1E7A4F7556}") = "Loadings", "Loadings\Loadings.csproj", "{4DEC2AA8-CA19-41C8-8129-3EF92339C0BD}"
EndProject
Project("{9A19103F-16F7-4668-BE54-9A1E7A4F7556}") = "EF - Airlines (hw)", "EF - Airlines (hw)\EF - Airlines (hw).csproj", "{CE18764F-A0DC-4935-982F-5E64B018AD89}"
EndProject
Project("{FAE04EC0-301F-11D3-BF4B-00C04F79EFBC}") = "Spotify Premium Lite", "Spotify Premium Lite\Spotify Premium Lite.csproj", "{488AB7AA-0FF3-4A77-8A4F-287B1FFC6A5B}"
EndProject
Global
	GlobalSection(SolutionConfigurationPlatforms) = preSolution
		Debug|Any CPU = Debug|Any CPU
		Release|Any CPU = Release|Any CPU
	EndGlobalSection
	GlobalSection(ProjectConfigurationPlatforms) = postSolution
		{83B56E07-59D6-4A5D-BFEF-56DAC9379290}.Debug|Any CPU.ActiveCfg = Debug|Any CPU
		{83B56E07-59D6-4A5D-BFEF-56DAC9379290}.Debug|Any CPU.Build.0 = Debug|Any CPU
		{83B56E07-59D6-4A5D-BFEF-56DAC9379290}.Release|Any CPU.ActiveCfg = Release|Any CPU
		{83B56E07-59D6-4A5D-BFEF-56DAC9379290}.Release|Any CPU.Build.0 = Release|Any CPU
		{5A57AAD8-91D7-4EE5-B06B-0D73DFBC28D6}.Debug|Any CPU.ActiveCfg = Debug|Any CPU
		{5A57AAD8-91D7-4EE5-B06B-0D73DFBC28D6}.Debug|Any CPU.Build.0 = Debug|Any CPU
		{5A57AAD8-91D7-4EE5-B06B-0D73DFBC28D6}.Release|Any CPU.ActiveCfg = Release|Any CPU
		{5A57AAD8-91D7-4EE5-B06B-0D73DFBC28D6}.Release|Any CPU.Build.0 = Release|Any CPU
		{5B683F73-2A2A-4450-A0AC-757E91289FCD}.Debug|Any CPU.ActiveCfg = Debug|Any CPU
		{5B683F73-2A2A-4450-A0AC-757E91289FCD}.Debug|Any CPU.Build.0 = Debug|Any CPU
		{5B683F73-2A2A-4450-A0AC-757E91289FCD}.Release|Any CPU.ActiveCfg = Release|Any CPU
		{5B683F73-2A2A-4450-A0AC-757E91289FCD}.Release|Any CPU.Build.0 = Release|Any CPU
		{3D3B7B00-D3A6-4F24-92EF-DA882D106841}.Debug|Any CPU.ActiveCfg = Debug|Any CPU
		{3D3B7B00-D3A6-4F24-92EF-DA882D106841}.Debug|Any CPU.Build.0 = Debug|Any CPU
		{3D3B7B00-D3A6-4F24-92EF-DA882D106841}.Release|Any CPU.ActiveCfg = Release|Any CPU
		{3D3B7B00-D3A6-4F24-92EF-DA882D106841}.Release|Any CPU.Build.0 = Release|Any CPU
		{DFB4466D-DEEB-4A2D-AAB4-24A6A118029F}.Debug|Any CPU.ActiveCfg = Debug|Any CPU
		{DFB4466D-DEEB-4A2D-AAB4-24A6A118029F}.Debug|Any CPU.Build.0 = Debug|Any CPU
		{DFB4466D-DEEB-4A2D-AAB4-24A6A118029F}.Release|Any CPU.ActiveCfg = Release|Any CPU
		{DFB4466D-DEEB-4A2D-AAB4-24A6A118029F}.Release|Any CPU.Build.0 = Release|Any CPU
		{C4615A9B-15DF-4815-9570-6F6280B2B33B}.Debug|Any CPU.ActiveCfg = Debug|Any CPU
		{C4615A9B-15DF-4815-9570-6F6280B2B33B}.Debug|Any CPU.Build.0 = Debug|Any CPU
		{C4615A9B-15DF-4815-9570-6F6280B2B33B}.Release|Any CPU.ActiveCfg = Release|Any CPU
		{C4615A9B-15DF-4815-9570-6F6280B2B33B}.Release|Any CPU.Build.0 = Release|Any CPU
		{471D3B22-E96A-43DA-B067-3AD6830617C8}.Debug|Any CPU.ActiveCfg = Debug|Any CPU
		{471D3B22-E96A-43DA-B067-3AD6830617C8}.Debug|Any CPU.Build.0 = Debug|Any CPU
		{471D3B22-E96A-43DA-B067-3AD6830617C8}.Release|Any CPU.ActiveCfg = Release|Any CPU
		{471D3B22-E96A-43DA-B067-3AD6830617C8}.Release|Any CPU.Build.0 = Release|Any CPU
		{4DEC2AA8-CA19-41C8-8129-3EF92339C0BD}.Debug|Any CPU.ActiveCfg = Debug|Any CPU
		{4DEC2AA8-CA19-41C8-8129-3EF92339C0BD}.Debug|Any CPU.Build.0 = Debug|Any CPU
		{4DEC2AA8-CA19-41C8-8129-3EF92339C0BD}.Release|Any CPU.ActiveCfg = Release|Any CPU
		{4DEC2AA8-CA19-41C8-8129-3EF92339C0BD}.Release|Any CPU.Build.0 = Release|Any CPU
		{CE18764F-A0DC-4935-982F-5E64B018AD89}.Debug|Any CPU.ActiveCfg = Debug|Any CPU
		{CE18764F-A0DC-4935-982F-5E64B018AD89}.Debug|Any CPU.Build.0 = Debug|Any CPU
		{CE18764F-A0DC-4935-982F-5E64B018AD89}.Release|Any CPU.ActiveCfg = Release|Any CPU
		{CE18764F-A0DC-4935-982F-5E64B018AD89}.Release|Any CPU.Build.0 = Release|Any CPU
		{488AB7AA-0FF3-4A77-8A4F-287B1FFC6A5B}.Debug|Any CPU.ActiveCfg = Debug|Any CPU
		{488AB7AA-0FF3-4A77-8A4F-287B1FFC6A5B}.Debug|Any CPU.Build.0 = Debug|Any CPU
		{488AB7AA-0FF3-4A77-8A4F-287B1FFC6A5B}.Release|Any CPU.ActiveCfg = Release|Any CPU
		{488AB7AA-0FF3-4A77-8A4F-287B1FFC6A5B}.Release|Any CPU.Build.0 = Release|Any CPU
	EndGlobalSection
	GlobalSection(SolutionProperties) = preSolution
		HideSolutionNode = FALSE
	EndGlobalSection
	GlobalSection(ExtensibilityGlobals) = postSolution
		SolutionGuid = {34B27EE2-3AA9-478F-82AE-B9F2FA1235E1}
	EndGlobalSection
EndGlobal
